
Microsoft Visual Studio Solution File, Format Version 12.00
# Visual Studio Version 17
VisualStudioVersion = 17.9.34616.47
MinimumVisualStudioVersion = 10.0.40219.1
Project("{FAE04EC0-301F-11D3-BF4B-00C04F79EFBC}") = "Subscriber", "Subscriber\Subscriber.csproj", "{802D2167-3BD6-471E-BEA0-8CF6E9375E91}"
EndProject
Project("{FAE04EC0-301F-11D3-BF4B-00C04F79EFBC}") = "Receiver", "Receiver\Receiver.csproj", "{70EF80E0-AF38-4082-A0D4-4A26E2F5B2CA}"
EndProject
Global
	GlobalSection(SolutionConfigurationPlatforms) = preSolution
		Debug|Any CPU = Debug|Any CPU
		Release|Any CPU = Release|Any CPU
	EndGlobalSection
	GlobalSection(ProjectConfigurationPlatforms) = postSolution
		{802D2167-3BD6-471E-BEA0-8CF6E9375E91}.Debug|Any CPU.ActiveCfg = Debug|Any CPU
		{802D2167-3BD6-471E-BEA0-8CF6E9375E91}.Debug|Any CPU.Build.0 = Debug|Any CPU
		{802D2167-3BD6-471E-BEA0-8CF6E9375E91}.Release|Any CPU.ActiveCfg = Release|Any CPU
		{802D2167-3BD6-471E-BEA0-8CF6E9375E91}.Release|Any CPU.Build.0 = Release|Any CPU
		{70EF80E0-AF38-4082-A0D4-4A26E2F5B2CA}.Debug|Any CPU.ActiveCfg = Debug|Any CPU
		{70EF80E0-AF38-4082-A0D4-4A26E2F5B2CA}.Debug|Any CPU.Build.0 = Debug|Any CPU
		{70EF80E0-AF38-4082-A0D4-4A26E2F5B2CA}.Release|Any CPU.ActiveCfg = Release|Any CPU
		{70EF80E0-AF38-4082-A0D4-4A26E2F5B2CA}.Release|Any CPU.Build.0 = Release|Any CPU
	EndGlobalSection
	GlobalSection(SolutionProperties) = preSolution
		HideSolutionNode = FALSE
	EndGlobalSection
	GlobalSection(ExtensibilityGlobals) = postSolution
		SolutionGuid = {FA68E647-B4C0-4AE6-A5BB-D2183B15094B}
	EndGlobalSection
EndGlobal
